{
  "name": "freedompodcasting",
  "lockfileVersion": 3,
  "requires": true,
  "packages": {
    "": {
      "name": "freedompodcasting",
      "dependencies": {
        "@rails/actiontext": "^6.0.0",
        "trix": "^1.0.0"
      },
      "devDependencies": {}
    },
    "node_modules/@rails/actiontext": {
      "version": "6.0.2",
      "resolved": "https://registry.npmjs.org/@rails/actiontext/-/actiontext-6.0.2.tgz",
      "integrity": "sha512-fxCGPRud14H4LTlAMLCtXDvhrNA9xswg2LwTYMEHzLQ0EPz2VU5ixDLygtYQymVq+9GtZ6CFGsvbOT0HhUJsGQ==",
      "license": "MIT",
      "dependencies": {
        "@rails/activestorage": "^6.0.0-alpha"
      },
      "peerDependencies": {
        "trix": "^1.0.0"
      }
    },
    "node_modules/@rails/activestorage": {
      "version": "6.0.2",
      "resolved": "https://registry.npmjs.org/@rails/activestorage/-/activestorage-6.0.2.tgz",
      "integrity": "sha512-X0uGBLNsSKvVw5n93rH7k+7rbxc3Cq7p0ShiQbrk1cN0xflGjElzEJRY3okZZHsKkCV+h6rFCk0BOBVrLSrJ0A==",
      "license": "MIT",
      "dependencies": {
        "spark-md5": "^3.0.0"
      }
    },
    "node_modules/spark-md5": {
      "version": "3.0.0",
      "resolved": "https://registry.npmjs.org/spark-md5/-/spark-md5-3.0.0.tgz",
      "integrity": "sha1-NyIifFTi+vJLHcbZM8wUTm9xv+8= sha512-BpPFB0Oh83mi+6DRcFwxPx96f3OL8Tkq3hdvaHuXaQUsy5F3saI3zIPNQ/UsTQgyAXIHnML1waeCe1WoCPXbpQ==",
      "license": "WTFPL"
    },
    "node_modules/trix": {
      "version": "1.2.2",
      "resolved": "https://registry.npmjs.org/trix/-/trix-1.2.2.tgz",
      "integrity": "sha512-xNWwKDa1PG5do/qV3FRESXjM17U5ACB9Ih+x4mylLYfAgmYYTA17ExVdrrA7vCJ5J9nS1tVZFyhVTPgPTtIFVg==",
      "license": "MIT"
    }
  }
}
